
Microsoft Visual Studio Solution File, Format Version 12.00
# Visual Studio Version 17
VisualStudioVersion = 17.10.35013.160
MinimumVisualStudioVersion = 10.0.40219.1
Project("{FAE04EC0-301F-11D3-BF4B-00C04F79EFBC}") = "AirConditionerShop_TranNgocKinhLuan", "AirConditionerShop_TranNgocKinhLuan\AirConditionerShop_TranNgocKinhLuan.csproj", "{19A4C84B-1D14-4373-AC20-8D2F6EBB3B74}"
EndProject
Project("{FAE04EC0-301F-11D3-BF4B-00C04F79EFBC}") = "AirConditionerShop.DAL", "AirConditionerShop.DAL\AirConditionerShop.DAL.csproj", "{CA8AD68C-6944-4DBF-A532-FCAC59D03D25}"
EndProject
Project("{FAE04EC0-301F-11D3-BF4B-00C04F79EFBC}") = "AirConditionerShop.BLL", "AirConditionerShop.BLL\AirConditionerShop.BLL.csproj", "{6C55DA71-BC99-459E-A26B-B19C154DFDAE}"
EndProject
Global
	GlobalSection(SolutionConfigurationPlatforms) = preSolution
		Debug|Any CPU = Debug|Any CPU
		Release|Any CPU = Release|Any CPU
	EndGlobalSection
	GlobalSection(ProjectConfigurationPlatforms) = postSolution
		{19A4C84B-1D14-4373-AC20-8D2F6EBB3B74}.Debug|Any CPU.ActiveCfg = Debug|Any CPU
		{19A4C84B-1D14-4373-AC20-8D2F6EBB3B74}.Debug|Any CPU.Build.0 = Debug|Any CPU
		{19A4C84B-1D14-4373-AC20-8D2F6EBB3B74}.Release|Any CPU.ActiveCfg = Release|Any CPU
		{19A4C84B-1D14-4373-AC20-8D2F6EBB3B74}.Release|Any CPU.Build.0 = Release|Any CPU
		{CA8AD68C-6944-4DBF-A532-FCAC59D03D25}.Debug|Any CPU.ActiveCfg = Debug|Any CPU
		{CA8AD68C-6944-4DBF-A532-FCAC59D03D25}.Debug|Any CPU.Build.0 = Debug|Any CPU
		{CA8AD68C-6944-4DBF-A532-FCAC59D03D25}.Release|Any CPU.ActiveCfg = Release|Any CPU
		{CA8AD68C-6944-4DBF-A532-FCAC59D03D25}.Release|Any CPU.Build.0 = Release|Any CPU
		{6C55DA71-BC99-459E-A26B-B19C154DFDAE}.Debug|Any CPU.ActiveCfg = Debug|Any CPU
		{6C55DA71-BC99-459E-A26B-B19C154DFDAE}.Debug|Any CPU.Build.0 = Debug|Any CPU
		{6C55DA71-BC99-459E-A26B-B19C154DFDAE}.Release|Any CPU.ActiveCfg = Release|Any CPU
		{6C55DA71-BC99-459E-A26B-B19C154DFDAE}.Release|Any CPU.Build.0 = Release|Any CPU
	EndGlobalSection
	GlobalSection(SolutionProperties) = preSolution
		HideSolutionNode = FALSE
	EndGlobalSection
	GlobalSection(ExtensibilityGlobals) = postSolution
		SolutionGuid = {82D1D3E3-9EEC-4663-A150-5055C4F9ABD9}
	EndGlobalSection
EndGlobal
